// !$*UTF8*$!
{
	archiveVersion = 1;
	classes = {
	};
	objectVersion = 50;
	objects = {

/* Begin PBXBuildFile section */
		922DC33925FFC8D8001E2526 /* AppDelegate.swift in Sources */ = {isa = PBXBuildFile; fileRef = 922DC33825FFC8D8001E2526 /* AppDelegate.swift */; };
		922DC33B25FFC8D8001E2526 /* SceneDelegate.swift in Sources */ = {isa = PBXBuildFile; fileRef = 922DC33A25FFC8D8001E2526 /* SceneDelegate.swift */; };
		922DC33D25FFC8D8001E2526 /* userListVC.swift in Sources */ = {isa = PBXBuildFile; fileRef = 922DC33C25FFC8D8001E2526 /* userListVC.swift */; };
		922DC34225FFC8DA001E2526 /* Assets.xcassets in Resources */ = {isa = PBXBuildFile; fileRef = 922DC34125FFC8DA001E2526 /* Assets.xcassets */; };
		922DC34525FFC8DA001E2526 /* LaunchScreen.storyboard in Resources */ = {isa = PBXBuildFile; fileRef = 922DC34325FFC8DA001E2526 /* LaunchScreen.storyboard */; };
		922DC35325FFD0F2001E2526 /* UserInfoModel.swift in Sources */ = {isa = PBXBuildFile; fileRef = 922DC35225FFD0F2001E2526 /* UserInfoModel.swift */; };
		922DC35725FFD16B001E2526 /* UserInfoImpl.swift in Sources */ = {isa = PBXBuildFile; fileRef = 922DC35625FFD16B001E2526 /* UserInfoImpl.swift */; };
		922DC35C25FFD1CB001E2526 /* UserData.swift in Sources */ = {isa = PBXBuildFile; fileRef = 922DC35B25FFD1CB001E2526 /* UserData.swift */; };
		922DC36625FFD5D6001E2526 /* Section.swift in Sources */ = {isa = PBXBuildFile; fileRef = 922DC36525FFD5D6001E2526 /* Section.swift */; };
		922DC36F25FFE107001E2526 /* Constants.swift in Sources */ = {isa = PBXBuildFile; fileRef = 922DC36E25FFE107001E2526 /* Constants.swift */; };
		922DC37525FFF6D4001E2526 /* UserDetailsVC.swift in Sources */ = {isa = PBXBuildFile; fileRef = 922DC37425FFF6D4001E2526 /* UserDetailsVC.swift */; };
		922DC3782600016D001E2526 /* UserPosts.swift in Sources */ = {isa = PBXBuildFile; fileRef = 922DC3772600016D001E2526 /* UserPosts.swift */; };
		922DC37B260001EE001E2526 /* UserComments.swift in Sources */ = {isa = PBXBuildFile; fileRef = 922DC37A260001EE001E2526 /* UserComments.swift */; };
		922DC37E2600039E001E2526 /* UserDetailsImpl.swift in Sources */ = {isa = PBXBuildFile; fileRef = 922DC37D2600039E001E2526 /* UserDetailsImpl.swift */; };
		922DC381260003C7001E2526 /* UserDetailsModel.swift in Sources */ = {isa = PBXBuildFile; fileRef = 922DC380260003C7001E2526 /* UserDetailsModel.swift */; };
/* End PBXBuildFile section */

/* Begin PBXFileReference section */
		922DC33525FFC8D8001E2526 /* Niclas_Jeppsson_Brezaa_Test.app */ = {isa = PBXFileReference; explicitFileType = wrapper.application; includeInIndex = 0; path = Niclas_Jeppsson_Brezaa_Test.app; sourceTree = BUILT_PRODUCTS_DIR; };
		922DC33825FFC8D8001E2526 /* AppDelegate.swift */ = {isa = PBXFileReference; lastKnownFileType = sourcecode.swift; path = AppDelegate.swift; sourceTree = "<group>"; };
		922DC33A25FFC8D8001E2526 /* SceneDelegate.swift */ = {isa = PBXFileReference; lastKnownFileType = sourcecode.swift; path = SceneDelegate.swift; sourceTree = "<group>"; };
		922DC33C25FFC8D8001E2526 /* userListVC.swift */ = {isa = PBXFileReference; lastKnownFileType = sourcecode.swift; path = userListVC.swift; sourceTree = "<group>"; };
		922DC34125FFC8DA001E2526 /* Assets.xcassets */ = {isa = PBXFileReference; lastKnownFileType = folder.assetcatalog; path = Assets.xcassets; sourceTree = "<group>"; };
		922DC34425FFC8DA001E2526 /* Base */ = {isa = PBXFileReference; lastKnownFileType = file.storyboard; name = Base; path = Base.lproj/LaunchScreen.storyboard; sourceTree = "<group>"; };
		922DC34625FFC8DA001E2526 /* Info.plist */ = {isa = PBXFileReference; lastKnownFileType = text.plist.xml; path = Info.plist; sourceTree = "<group>"; };
		922DC35225FFD0F2001E2526 /* UserInfoModel.swift */ = {isa = PBXFileReference; lastKnownFileType = sourcecode.swift; path = UserInfoModel.swift; sourceTree = "<group>"; };
		922DC35625FFD16B001E2526 /* UserInfoImpl.swift */ = {isa = PBXFileReference; lastKnownFileType = sourcecode.swift; path = UserInfoImpl.swift; sourceTree = "<group>"; };
		922DC35B25FFD1CB001E2526 /* UserData.swift */ = {isa = PBXFileReference; lastKnownFileType = sourcecode.swift; path = UserData.swift; sourceTree = "<group>"; };
		922DC36525FFD5D6001E2526 /* Section.swift */ = {isa = PBXFileReference; lastKnownFileType = sourcecode.swift; path = Section.swift; sourceTree = "<group>"; };
		922DC36E25FFE107001E2526 /* Constants.swift */ = {isa = PBXFileReference; lastKnownFileType = sourcecode.swift; path = Constants.swift; sourceTree = "<group>"; };
		922DC37425FFF6D4001E2526 /* UserDetailsVC.swift */ = {isa = PBXFileReference; lastKnownFileType = sourcecode.swift; path = UserDetailsVC.swift; sourceTree = "<group>"; };
		922DC3772600016D001E2526 /* UserPosts.swift */ = {isa = PBXFileReference; lastKnownFileType = sourcecode.swift; path = UserPosts.swift; sourceTree = "<group>"; };
		922DC37A260001EE001E2526 /* UserComments.swift */ = {isa = PBXFileReference; lastKnownFileType = sourcecode.swift; path = UserComments.swift; sourceTree = "<group>"; };
		922DC37D2600039E001E2526 /* UserDetailsImpl.swift */ = {isa = PBXFileReference; lastKnownFileType = sourcecode.swift; path = UserDetailsImpl.swift; sourceTree = "<group>"; };
		922DC380260003C7001E2526 /* UserDetailsModel.swift */ = {isa = PBXFileReference; lastKnownFileType = sourcecode.swift; path = UserDetailsModel.swift; sourceTree = "<group>"; };
/* End PBXFileReference section */

/* Begin PBXFrameworksBuildPhase section */
		922DC33225FFC8D8001E2526 /* Frameworks */ = {
			isa = PBXFrameworksBuildPhase;
			buildActionMask = 2147483647;
			files = (
			);
			runOnlyForDeploymentPostprocessing = 0;
		};
/* End PBXFrameworksBuildPhase section */

/* Begin PBXGroup section */
		922DC32C25FFC8D8001E2526 = {
			isa = PBXGroup;
			children = (
				922DC33725FFC8D8001E2526 /* Niclas_Jeppsson_Brezaa_Test */,
				922DC33625FFC8D8001E2526 /* Products */,
			);
			sourceTree = "<group>";
		};
		922DC33625FFC8D8001E2526 /* Products */ = {
			isa = PBXGroup;
			children = (
				922DC33525FFC8D8001E2526 /* Niclas_Jeppsson_Brezaa_Test.app */,
			);
			name = Products;
			sourceTree = "<group>";
		};
		922DC33725FFC8D8001E2526 /* Niclas_Jeppsson_Brezaa_Test */ = {
			isa = PBXGroup;
			children = (
				922DC33825FFC8D8001E2526 /* AppDelegate.swift */,
				922DC33A25FFC8D8001E2526 /* SceneDelegate.swift */,
				922DC35125FFD0B5001E2526 /* ViewModel */,
				922DC35A25FFD1B9001E2526 /* Model */,
				922DC34F25FFCA2E001E2526 /* viewControllers */,
				922DC36D25FFE0F0001E2526 /* Constants */,
				922DC34125FFC8DA001E2526 /* Assets.xcassets */,
				922DC34325FFC8DA001E2526 /* LaunchScreen.storyboard */,
				922DC34625FFC8DA001E2526 /* Info.plist */,
			);
			path = Niclas_Jeppsson_Brezaa_Test;
			sourceTree = "<group>";
		};
		922DC34F25FFCA2E001E2526 /* viewControllers */ = {
			isa = PBXGroup;
			children = (
				922DC33C25FFC8D8001E2526 /* userListVC.swift */,
				922DC37425FFF6D4001E2526 /* UserDetailsVC.swift */,
			);
			path = viewControllers;
			sourceTree = "<group>";
		};
		922DC35125FFD0B5001E2526 /* ViewModel */ = {
			isa = PBXGroup;
			children = (
				922DC35625FFD16B001E2526 /* UserInfoImpl.swift */,
				922DC35225FFD0F2001E2526 /* UserInfoModel.swift */,
				922DC36525FFD5D6001E2526 /* Section.swift */,
				922DC37D2600039E001E2526 /* UserDetailsImpl.swift */,
				922DC380260003C7001E2526 /* UserDetailsModel.swift */,
			);
			path = ViewModel;
			sourceTree = "<group>";
		};
		922DC35A25FFD1B9001E2526 /* Model */ = {
			isa = PBXGroup;
			children = (
				922DC35B25FFD1CB001E2526 /* UserData.swift */,
				922DC3772600016D001E2526 /* UserPosts.swift */,
				922DC37A260001EE001E2526 /* UserComments.swift */,
			);
			path = Model;
			sourceTree = "<group>";
		};
		922DC36D25FFE0F0001E2526 /* Constants */ = {
			isa = PBXGroup;
			children = (
				922DC36E25FFE107001E2526 /* Constants.swift */,
			);
			path = Constants;
			sourceTree = "<group>";
		};
/* End PBXGroup section */

/* Begin PBXNativeTarget section */
		922DC33425FFC8D8001E2526 /* Niclas_Jeppsson_Brezaa_Test */ = {
			isa = PBXNativeTarget;
			buildConfigurationList = 922DC34925FFC8DA001E2526 /* Build configuration list for PBXNativeTarget "Niclas_Jeppsson_Brezaa_Test" */;
			buildPhases = (
				922DC33125FFC8D8001E2526 /* Sources */,
				922DC33225FFC8D8001E2526 /* Frameworks */,
				922DC33325FFC8D8001E2526 /* Resources */,
			);
			buildRules = (
			);
			dependencies = (
			);
			name = Niclas_Jeppsson_Brezaa_Test;
			productName = Niclas_Jeppsson_Brezaa_Test;
			productReference = 922DC33525FFC8D8001E2526 /* Niclas_Jeppsson_Brezaa_Test.app */;
			productType = "com.apple.product-type.application";
		};
/* End PBXNativeTarget section */

/* Begin PBXProject section */
		922DC32D25FFC8D8001E2526 /* Project object */ = {
			isa = PBXProject;
			attributes = {
				LastSwiftUpdateCheck = 1240;
				LastUpgradeCheck = 1240;
				TargetAttributes = {
					922DC33425FFC8D8001E2526 = {
						CreatedOnToolsVersion = 12.4;
					};
				};
			};
			buildConfigurationList = 922DC33025FFC8D8001E2526 /* Build configuration list for PBXProject "Niclas_Jeppsson_Brezaa_Test" */;
			compatibilityVersion = "Xcode 9.3";
			developmentRegion = en;
			hasScannedForEncodings = 0;
			knownRegions = (
				en,
				Base,
			);
			mainGroup = 922DC32C25FFC8D8001E2526;
			productRefGroup = 922DC33625FFC8D8001E2526 /* Products */;
			projectDirPath = "";
			projectRoot = "";
			targets = (
				922DC33425FFC8D8001E2526 /* Niclas_Jeppsson_Brezaa_Test */,
			);
		};
/* End PBXProject section */

/* Begin PBXResourcesBuildPhase section */
		922DC33325FFC8D8001E2526 /* Resources */ = {
			isa = PBXResourcesBuildPhase;
			buildActionMask = 2147483647;
			files = (
				922DC34525FFC8DA001E2526 /* LaunchScreen.storyboard in Resources */,
				922DC34225FFC8DA001E2526 /* Assets.xcassets in Resources */,
			);
			runOnlyForDeploymentPostprocessing = 0;
		};
/* End PBXResourcesBuildPhase section */

/* Begin PBXSourcesBuildPhase section */
		922DC33125FFC8D8001E2526 /* Sources */ = {
			isa = PBXSourcesBuildPhase;
			buildActionMask = 2147483647;
			files = (
				922DC35C25FFD1CB001E2526 /* UserData.swift in Sources */,
				922DC35325FFD0F2001E2526 /* UserInfoModel.swift in Sources */,
				922DC33D25FFC8D8001E2526 /* userListVC.swift in Sources */,
				922DC37E2600039E001E2526 /* UserDetailsImpl.swift in Sources */,
				922DC36625FFD5D6001E2526 /* Section.swift in Sources */,
				922DC37B260001EE001E2526 /* UserComments.swift in Sources */,
				922DC35725FFD16B001E2526 /* UserInfoImpl.swift in Sources */,
				922DC33925FFC8D8001E2526 /* AppDelegate.swift in Sources */,
				922DC3782600016D001E2526 /* UserPosts.swift in Sources */,
				922DC37525FFF6D4001E2526 /* UserDetailsVC.swift in Sources */,
				922DC381260003C7001E2526 /* UserDetailsModel.swift in Sources */,
				922DC33B25FFC8D8001E2526 /* SceneDelegate.swift in Sources */,
				922DC36F25FFE107001E2526 /* Constants.swift in Sources */,
			);
			runOnlyForDeploymentPostprocessing = 0;
		};
/* End PBXSourcesBuildPhase section */

/* Begin PBXVariantGroup section */
		922DC34325FFC8DA001E2526 /* LaunchScreen.storyboard */ = {
			isa = PBXVariantGroup;
			children = (
				922DC34425FFC8DA001E2526 /* Base */,
			);
			name = LaunchScreen.storyboard;
			sourceTree = "<group>";
		};
/* End PBXVariantGroup section */

/* Begin XCBuildConfiguration section */
		922DC34725FFC8DA001E2526 /* Debug */ = {
			isa = XCBuildConfiguration;
			buildSettings = {
				ALWAYS_SEARCH_USER_PATHS = NO;
				CLANG_ANALYZER_NONNULL = YES;
				CLANG_ANALYZER_NUMBER_OBJECT_CONVERSION = YES_AGGRESSIVE;
				CLANG_CXX_LANGUAGE_STANDARD = "gnu++14";
				CLANG_CXX_LIBRARY = "libc++";
				CLANG_ENABLE_MODULES = YES;
				CLANG_ENABLE_OBJC_ARC = YES;
				CLANG_ENABLE_OBJC_WEAK = YES;
				CLANG_WARN_BLOCK_CAPTURE_AUTORELEASING = YES;
				CLANG_WARN_BOOL_CONVERSION = YES;
				CLANG_WARN_COMMA = YES;
				CLANG_WARN_CONSTANT_CONVERSION = YES;
				CLANG_WARN_DEPRECATED_OBJC_IMPLEMENTATIONS = YES;
				CLANG_WARN_DIRECT_OBJC_ISA_USAGE = YES_ERROR;
				CLANG_WARN_DOCUMENTATION_COMMENTS = YES;
				CLANG_WARN_EMPTY_BODY = YES;
				CLANG_WARN_ENUM_CONVERSION = YES;
				CLANG_WARN_INFINITE_RECURSION = YES;
				CLANG_WARN_INT_CONVERSION = YES;
				CLANG_WARN_NON_LITERAL_NULL_CONVERSION = YES;
				CLANG_WARN_OBJC_IMPLICIT_RETAIN_SELF = YES;
				CLANG_WARN_OBJC_LITERAL_CONVERSION = YES;
				CLANG_WARN_OBJC_ROOT_CLASS = YES_ERROR;
				CLANG_WARN_QUOTED_INCLUDE_IN_FRAMEWORK_HEADER = YES;
				CLANG_WARN_RANGE_LOOP_ANALYSIS = YES;
				CLANG_WARN_STRICT_PROTOTYPES = YES;
				CLANG_WARN_SUSPICIOUS_MOVE = YES;
				CLANG_WARN_UNGUARDED_AVAILABILITY = YES_AGGRESSIVE;
				CLANG_WARN_UNREACHABLE_CODE = YES;
				CLANG_WARN__DUPLICATE_METHOD_MATCH = YES;
				COPY_PHASE_STRIP = NO;
				DEBUG_INFORMATION_FORMAT = dwarf;
				ENABLE_STRICT_OBJC_MSGSEND = YES;
				ENABLE_TESTABILITY = YES;
				GCC_C_LANGUAGE_STANDARD = gnu11;
				GCC_DYNAMIC_NO_PIC = NO;
				GCC_NO_COMMON_BLOCKS = YES;
				GCC_OPTIMIZATION_LEVEL = 0;
				GCC_PREPROCESSOR_DEFINITIONS = (
					"DEBUG=1",
					"$(inherited)",
				);
				GCC_WARN_64_TO_32_BIT_CONVERSION = YES;
				GCC_WARN_ABOUT_RETURN_TYPE = YES_ERROR;
				GCC_WARN_UNDECLARED_SELECTOR = YES;
				GCC_WARN_UNINITIALIZED_AUTOS = YES_AGGRESSIVE;
				GCC_WARN_UNUSED_FUNCTION = YES;
				GCC_WARN_UNUSED_VARIABLE = YES;
				IPHONEOS_DEPLOYMENT_TARGET = 14.4;
				MTL_ENABLE_DEBUG_INFO = INCLUDE_SOURCE;
				MTL_FAST_MATH = YES;
				ONLY_ACTIVE_ARCH = YES;
				SDKROOT = iphoneos;
				SWIFT_ACTIVE_COMPILATION_CONDITIONS = DEBUG;
				SWIFT_OPTIMIZATION_LEVEL = "-Onone";
			};
			name = Debug;
		};
		922DC34825FFC8DA001E2526 /* Release */ = {
			isa = XCBuildConfiguration;
			buildSettings = {
				ALWAYS_SEARCH_USER_PATHS = NO;
				CLANG_ANALYZER_NONNULL = YES;
				CLANG_ANALYZER_NUMBER_OBJECT_CONVERSION = YES_AGGRESSIVE;
				CLANG_CXX_LANGUAGE_STANDARD = "gnu++14";
				CLANG_CXX_LIBRARY = "libc++";
				CLANG_ENABLE_MODULES = YES;
				CLANG_ENABLE_OBJC_ARC = YES;
				CLANG_ENABLE_OBJC_WEAK = YES;
				CLANG_WARN_BLOCK_CAPTURE_AUTORELEASING = YES;
				CLANG_WARN_BOOL_CONVERSION = YES;
				CLANG_WARN_COMMA = YES;
				CLANG_WARN_CONSTANT_CONVERSION = YES;
				CLANG_WARN_DEPRECATED_OBJC_IMPLEMENTATIONS = YES;
				CLANG_WARN_DIRECT_OBJC_ISA_USAGE = YES_ERROR;
				CLANG_WARN_DOCUMENTATION_COMMENTS = YES;
				CLANG_WARN_EMPTY_BODY = YES;
				CLANG_WARN_ENUM_CONVERSION = YES;
				CLANG_WARN_INFINITE_RECURSION = YES;
				CLANG_WARN_INT_CONVERSION = YES;
				CLANG_WARN_NON_LITERAL_NULL_CONVERSION = YES;
				CLANG_WARN_OBJC_IMPLICIT_RETAIN_SELF = YES;
				CLANG_WARN_OBJC_LITERAL_CONVERSION = YES;
				CLANG_WARN_OBJC_ROOT_CLASS = YES_ERROR;
				CLANG_WARN_QUOTED_INCLUDE_IN_FRAMEWORK_HEADER = YES;
				CLANG_WARN_RANGE_LOOP_ANALYSIS = YES;
				CLANG_WARN_STRICT_PROTOTYPES = YES;
				CLANG_WARN_SUSPICIOUS_MOVE = YES;
				CLANG_WARN_UNGUARDED_AVAILABILITY = YES_AGGRESSIVE;
				CLANG_WARN_UNREACHABLE_CODE = YES;
				CLANG_WARN__DUPLICATE_METHOD_MATCH = YES;
				COPY_PHASE_STRIP = NO;
				DEBUG_INFORMATION_FORMAT = "dwarf-with-dsym";
				ENABLE_NS_ASSERTIONS = NO;
				ENABLE_STRICT_OBJC_MSGSEND = YES;
				GCC_C_LANGUAGE_STANDARD = gnu11;
				GCC_NO_COMMON_BLOCKS = YES;
				GCC_WARN_64_TO_32_BIT_CONVERSION = YES;
				GCC_WARN_ABOUT_RETURN_TYPE = YES_ERROR;
				GCC_WARN_UNDECLARED_SELECTOR = YES;
				GCC_WARN_UNINITIALIZED_AUTOS = YES_AGGRESSIVE;
				GCC_WARN_UNUSED_FUNCTION = YES;
				GCC_WARN_UNUSED_VARIABLE = YES;
				IPHONEOS_DEPLOYMENT_TARGET = 14.4;
				MTL_ENABLE_DEBUG_INFO = NO;
				MTL_FAST_MATH = YES;
				SDKROOT = iphoneos;
				SWIFT_COMPILATION_MODE = wholemodule;
				SWIFT_OPTIMIZATION_LEVEL = "-O";
				VALIDATE_PRODUCT = YES;
			};
			name = Release;
		};
		922DC34A25FFC8DA001E2526 /* Debug */ = {
			isa = XCBuildConfiguration;
			buildSettings = {
				ASSETCATALOG_COMPILER_APPICON_NAME = AppIcon;
				ASSETCATALOG_COMPILER_GLOBAL_ACCENT_COLOR_NAME = AccentColor;
				CODE_SIGN_STYLE = Automatic;
				DEVELOPMENT_TEAM = M79UR55F3F;
				INFOPLIST_FILE = Niclas_Jeppsson_Brezaa_Test/Info.plist;
				LD_RUNPATH_SEARCH_PATHS = (
					"$(inherited)",
					"@executable_path/Frameworks",
				);
				PRODUCT_BUNDLE_IDENTIFIER = "com.youraudiosolutions.Niclas-Jeppsson-Brezaa-Test";
				PRODUCT_NAME = "$(TARGET_NAME)";
				SWIFT_VERSION = 5.0;
				TARGETED_DEVICE_FAMILY = "1,2";
			};
			name = Debug;
		};
		922DC34B25FFC8DA001E2526 /* Release */ = {
			isa = XCBuildConfiguration;
			buildSettings = {
				ASSETCATALOG_COMPILER_APPICON_NAME = AppIcon;
				ASSETCATALOG_COMPILER_GLOBAL_ACCENT_COLOR_NAME = AccentColor;
				CODE_SIGN_STYLE = Automatic;
				DEVELOPMENT_TEAM = M79UR55F3F;
				INFOPLIST_FILE = Niclas_Jeppsson_Brezaa_Test/Info.plist;
				LD_RUNPATH_SEARCH_PATHS = (
					"$(inherited)",
					"@executable_path/Frameworks",
				);
				PRODUCT_BUNDLE_IDENTIFIER = "com.youraudiosolutions.Niclas-Jeppsson-Brezaa-Test";
				PRODUCT_NAME = "$(TARGET_NAME)";
				SWIFT_VERSION = 5.0;
				TARGETED_DEVICE_FAMILY = "1,2";
			};
			name = Release;
		};
/* End XCBuildConfiguration section */

/* Begin XCConfigurationList section */
		922DC33025FFC8D8001E2526 /* Build configuration list for PBXProject "Niclas_Jeppsson_Brezaa_Test" */ = {
			isa = XCConfigurationList;
			buildConfigurations = (
				922DC34725FFC8DA001E2526 /* Debug */,
				922DC34825FFC8DA001E2526 /* Release */,
			);
			defaultConfigurationIsVisible = 0;
			defaultConfigurationName = Release;
		};
		922DC34925FFC8DA001E2526 /* Build configuration list for PBXNativeTarget "Niclas_Jeppsson_Brezaa_Test" */ = {
			isa = XCConfigurationList;
			buildConfigurations = (
				922DC34A25FFC8DA001E2526 /* Debug */,
				922DC34B25FFC8DA001E2526 /* Release */,
			);
			defaultConfigurationIsVisible = 0;
			defaultConfigurationName = Release;
		};
/* End XCConfigurationList section */
	};
	rootObject = 922DC32D25FFC8D8001E2526 /* Project object */;
}
